// !$*UTF8*$!
{
	archiveVersion = 1;
	classes = {
	};
	objectVersion = 55;
	objects = {

/* Begin PBXBuildFile section */
		A9138B84284BEAFD00BE9DA5 /* StoryViewController.swift in Sources */ = {isa = PBXBuildFile; fileRef = A9138B83284BEAFD00BE9DA5 /* StoryViewController.swift */; };
		A9138B8A284BEB2A00BE9DA5 /* 5.jpeg in Resources */ = {isa = PBXBuildFile; fileRef = A9138B85284BEB2900BE9DA5 /* 5.jpeg */; };
		A9138B8B284BEB2A00BE9DA5 /* 1.jpeg in Resources */ = {isa = PBXBuildFile; fileRef = A9138B86284BEB2900BE9DA5 /* 1.jpeg */; };
		A9138B8C284BEB2A00BE9DA5 /* 2.jpeg in Resources */ = {isa = PBXBuildFile; fileRef = A9138B87284BEB2900BE9DA5 /* 2.jpeg */; };
		A9138B8D284BEB2A00BE9DA5 /* 4.jpeg in Resources */ = {isa = PBXBuildFile; fileRef = A9138B88284BEB2A00BE9DA5 /* 4.jpeg */; };
		A9138B8E284BEB2A00BE9DA5 /* 3.jpeg in Resources */ = {isa = PBXBuildFile; fileRef = A9138B89284BEB2A00BE9DA5 /* 3.jpeg */; };
		A9138B90284C407200BE9DA5 /* mail.ru.svg in Resources */ = {isa = PBXBuildFile; fileRef = A9138B8F284C407100BE9DA5 /* mail.ru.svg */; };
		A989F2FA284B18ED00ABCBCE /* AppDelegate.swift in Sources */ = {isa = PBXBuildFile; fileRef = A989F2F9284B18ED00ABCBCE /* AppDelegate.swift */; };
		A989F2FC284B18ED00ABCBCE /* SceneDelegate.swift in Sources */ = {isa = PBXBuildFile; fileRef = A989F2FB284B18ED00ABCBCE /* SceneDelegate.swift */; };
		A989F301284B18ED00ABCBCE /* Main.storyboard in Resources */ = {isa = PBXBuildFile; fileRef = A989F2FF284B18ED00ABCBCE /* Main.storyboard */; };
		A989F303284B18EF00ABCBCE /* Assets.xcassets in Resources */ = {isa = PBXBuildFile; fileRef = A989F302284B18EF00ABCBCE /* Assets.xcassets */; };
		A989F306284B18EF00ABCBCE /* LaunchScreen.storyboard in Resources */ = {isa = PBXBuildFile; fileRef = A989F304284B18EF00ABCBCE /* LaunchScreen.storyboard */; };
		A989F314284B26AD00ABCBCE /* LoginViewController.swift in Sources */ = {isa = PBXBuildFile; fileRef = A989F313284B26AD00ABCBCE /* LoginViewController.swift */; };
		A9C0A4AC284B85D70021932C /* Story.swift in Sources */ = {isa = PBXBuildFile; fileRef = A9C0A4AB284B85D70021932C /* Story.swift */; };
/* End PBXBuildFile section */

/* Begin PBXFileReference section */
		A9138B83284BEAFD00BE9DA5 /* StoryViewController.swift */ = {isa = PBXFileReference; lastKnownFileType = sourcecode.swift; path = StoryViewController.swift; sourceTree = "<group>"; };
		A9138B85284BEB2900BE9DA5 /* 5.jpeg */ = {isa = PBXFileReference; lastKnownFileType = image.jpeg; path = 5.jpeg; sourceTree = "<group>"; };
		A9138B86284BEB2900BE9DA5 /* 1.jpeg */ = {isa = PBXFileReference; lastKnownFileType = image.jpeg; path = 1.jpeg; sourceTree = "<group>"; };
		A9138B87284BEB2900BE9DA5 /* 2.jpeg */ = {isa = PBXFileReference; lastKnownFileType = image.jpeg; path = 2.jpeg; sourceTree = "<group>"; };
		A9138B88284BEB2A00BE9DA5 /* 4.jpeg */ = {isa = PBXFileReference; lastKnownFileType = image.jpeg; path = 4.jpeg; sourceTree = "<group>"; };
		A9138B89284BEB2A00BE9DA5 /* 3.jpeg */ = {isa = PBXFileReference; lastKnownFileType = image.jpeg; path = 3.jpeg; sourceTree = "<group>"; };
		A9138B8F284C407100BE9DA5 /* mail.ru.svg */ = {isa = PBXFileReference; fileEncoding = 4; lastKnownFileType = text; path = mail.ru.svg; sourceTree = "<group>"; };
		A989F2F6284B18ED00ABCBCE /* VkApp.app */ = {isa = PBXFileReference; explicitFileType = wrapper.application; includeInIndex = 0; path = VkApp.app; sourceTree = BUILT_PRODUCTS_DIR; };
		A989F2F9284B18ED00ABCBCE /* AppDelegate.swift */ = {isa = PBXFileReference; lastKnownFileType = sourcecode.swift; path = AppDelegate.swift; sourceTree = "<group>"; };
		A989F2FB284B18ED00ABCBCE /* SceneDelegate.swift */ = {isa = PBXFileReference; lastKnownFileType = sourcecode.swift; path = SceneDelegate.swift; sourceTree = "<group>"; };
		A989F300284B18ED00ABCBCE /* Base */ = {isa = PBXFileReference; lastKnownFileType = file.storyboard; name = Base; path = Base.lproj/Main.storyboard; sourceTree = "<group>"; };
		A989F302284B18EF00ABCBCE /* Assets.xcassets */ = {isa = PBXFileReference; lastKnownFileType = folder.assetcatalog; path = Assets.xcassets; sourceTree = "<group>"; };
		A989F305284B18EF00ABCBCE /* Base */ = {isa = PBXFileReference; lastKnownFileType = file.storyboard; name = Base; path = Base.lproj/LaunchScreen.storyboard; sourceTree = "<group>"; };
		A989F307284B18EF00ABCBCE /* Info.plist */ = {isa = PBXFileReference; lastKnownFileType = text.plist.xml; path = Info.plist; sourceTree = "<group>"; };
		A989F313284B26AD00ABCBCE /* LoginViewController.swift */ = {isa = PBXFileReference; lastKnownFileType = sourcecode.swift; path = LoginViewController.swift; sourceTree = "<group>"; };
		A9C0A4AB284B85D70021932C /* Story.swift */ = {isa = PBXFileReference; lastKnownFileType = sourcecode.swift; path = Story.swift; sourceTree = "<group>"; };
/* End PBXFileReference section */

/* Begin PBXFrameworksBuildPhase section */
		A989F2F3284B18ED00ABCBCE /* Frameworks */ = {
			isa = PBXFrameworksBuildPhase;
			buildActionMask = 2147483647;
			files = (
			);
			runOnlyForDeploymentPostprocessing = 0;
		};
/* End PBXFrameworksBuildPhase section */

/* Begin PBXGroup section */
		A989F2ED284B18ED00ABCBCE = {
			isa = PBXGroup;
			children = (
				A989F2F8284B18ED00ABCBCE /* VkApp */,
				A989F2F7284B18ED00ABCBCE /* Products */,
			);
			sourceTree = "<group>";
		};
		A989F2F7284B18ED00ABCBCE /* Products */ = {
			isa = PBXGroup;
			children = (
				A989F2F6284B18ED00ABCBCE /* VkApp.app */,
			);
			name = Products;
			sourceTree = "<group>";
		};
		A989F2F8284B18ED00ABCBCE /* VkApp */ = {
			isa = PBXGroup;
			children = (
				A989F315284B290100ABCBCE /* Models */,
				A989F310284B199800ABCBCE /* App */,
				A989F30F284B198700ABCBCE /* ViewControllers */,
				A989F30D284B195F00ABCBCE /* Storyboards */,
				A989F30E284B196D00ABCBCE /* Resouces */,
			);
			path = VkApp;
			sourceTree = "<group>";
		};
		A989F30D284B195F00ABCBCE /* Storyboards */ = {
			isa = PBXGroup;
			children = (
				A989F2FF284B18ED00ABCBCE /* Main.storyboard */,
				A989F304284B18EF00ABCBCE /* LaunchScreen.storyboard */,
			);
			path = Storyboards;
			sourceTree = "<group>";
		};
		A989F30E284B196D00ABCBCE /* Resouces */ = {
			isa = PBXGroup;
			children = (
				A989F302284B18EF00ABCBCE /* Assets.xcassets */,
				A9138B86284BEB2900BE9DA5 /* 1.jpeg */,
				A9138B87284BEB2900BE9DA5 /* 2.jpeg */,
				A9138B89284BEB2A00BE9DA5 /* 3.jpeg */,
				A9138B88284BEB2A00BE9DA5 /* 4.jpeg */,
				A9138B85284BEB2900BE9DA5 /* 5.jpeg */,
				A9138B8F284C407100BE9DA5 /* mail.ru.svg */,
			);
			path = Resouces;
			sourceTree = "<group>";
		};
		A989F30F284B198700ABCBCE /* ViewControllers */ = {
			isa = PBXGroup;
			children = (
				A989F313284B26AD00ABCBCE /* LoginViewController.swift */,
				A9138B83284BEAFD00BE9DA5 /* StoryViewController.swift */,
			);
			path = ViewControllers;
			sourceTree = "<group>";
		};
		A989F310284B199800ABCBCE /* App */ = {
			isa = PBXGroup;
			children = (
				A989F2F9284B18ED00ABCBCE /* AppDelegate.swift */,
				A989F2FB284B18ED00ABCBCE /* SceneDelegate.swift */,
				A989F307284B18EF00ABCBCE /* Info.plist */,
			);
			path = App;
			sourceTree = "<group>";
		};
		A989F315284B290100ABCBCE /* Models */ = {
			isa = PBXGroup;
			children = (
				A9C0A4AB284B85D70021932C /* Story.swift */,
			);
			path = Models;
			sourceTree = "<group>";
		};
/* End PBXGroup section */

/* Begin PBXNativeTarget section */
		A989F2F5284B18ED00ABCBCE /* VkApp */ = {
			isa = PBXNativeTarget;
			buildConfigurationList = A989F30A284B18EF00ABCBCE /* Build configuration list for PBXNativeTarget "VkApp" */;
			buildPhases = (
				A989F2F2284B18ED00ABCBCE /* Sources */,
				A989F2F3284B18ED00ABCBCE /* Frameworks */,
				A989F2F4284B18ED00ABCBCE /* Resources */,
			);
			buildRules = (
			);
			dependencies = (
			);
			name = VkApp;
			productName = VkApp;
			productReference = A989F2F6284B18ED00ABCBCE /* VkApp.app */;
			productType = "com.apple.product-type.application";
		};
/* End PBXNativeTarget section */

/* Begin PBXProject section */
		A989F2EE284B18ED00ABCBCE /* Project object */ = {
			isa = PBXProject;
			attributes = {
				BuildIndependentTargetsInParallel = 1;
				LastSwiftUpdateCheck = 1310;
				LastUpgradeCheck = 1310;
				TargetAttributes = {
					A989F2F5284B18ED00ABCBCE = {
						CreatedOnToolsVersion = 13.1;
					};
				};
			};
			buildConfigurationList = A989F2F1284B18ED00ABCBCE /* Build configuration list for PBXProject "VkApp" */;
			compatibilityVersion = "Xcode 13.0";
			developmentRegion = en;
			hasScannedForEncodings = 0;
			knownRegions = (
				en,
				Base,
			);
			mainGroup = A989F2ED284B18ED00ABCBCE;
			productRefGroup = A989F2F7284B18ED00ABCBCE /* Products */;
			projectDirPath = "";
			projectRoot = "";
			targets = (
				A989F2F5284B18ED00ABCBCE /* VkApp */,
			);
		};
/* End PBXProject section */

/* Begin PBXResourcesBuildPhase section */
		A989F2F4284B18ED00ABCBCE /* Resources */ = {
			isa = PBXResourcesBuildPhase;
			buildActionMask = 2147483647;
			files = (
				A9138B8B284BEB2A00BE9DA5 /* 1.jpeg in Resources */,
				A989F306284B18EF00ABCBCE /* LaunchScreen.storyboard in Resources */,
				A9138B8C284BEB2A00BE9DA5 /* 2.jpeg in Resources */,
				A9138B90284C407200BE9DA5 /* mail.ru.svg in Resources */,
				A989F303284B18EF00ABCBCE /* Assets.xcassets in Resources */,
				A9138B8D284BEB2A00BE9DA5 /* 4.jpeg in Resources */,
				A9138B8E284BEB2A00BE9DA5 /* 3.jpeg in Resources */,
				A989F301284B18ED00ABCBCE /* Main.storyboard in Resources */,
				A9138B8A284BEB2A00BE9DA5 /* 5.jpeg in Resources */,
			);
			runOnlyForDeploymentPostprocessing = 0;
		};
/* End PBXResourcesBuildPhase section */

/* Begin PBXSourcesBuildPhase section */
		A989F2F2284B18ED00ABCBCE /* Sources */ = {
			isa = PBXSourcesBuildPhase;
			buildActionMask = 2147483647;
			files = (
				A9138B84284BEAFD00BE9DA5 /* StoryViewController.swift in Sources */,
				A989F314284B26AD00ABCBCE /* LoginViewController.swift in Sources */,
				A989F2FA284B18ED00ABCBCE /* AppDelegate.swift in Sources */,
				A989F2FC284B18ED00ABCBCE /* SceneDelegate.swift in Sources */,
				A9C0A4AC284B85D70021932C /* Story.swift in Sources */,
			);
			runOnlyForDeploymentPostprocessing = 0;
		};
/* End PBXSourcesBuildPhase section */

/* Begin PBXVariantGroup section */
		A989F2FF284B18ED00ABCBCE /* Main.storyboard */ = {
			isa = PBXVariantGroup;
			children = (
				A989F300284B18ED00ABCBCE /* Base */,
			);
			name = Main.storyboard;
			sourceTree = "<group>";
		};
		A989F304284B18EF00ABCBCE /* LaunchScreen.storyboard */ = {
			isa = PBXVariantGroup;
			children = (
				A989F305284B18EF00ABCBCE /* Base */,
			);
			name = LaunchScreen.storyboard;
			sourceTree = "<group>";
		};
/* End PBXVariantGroup section */

/* Begin XCBuildConfiguration section */
		A989F308284B18EF00ABCBCE /* Debug */ = {
			isa = XCBuildConfiguration;
			buildSettings = {
				ALWAYS_SEARCH_USER_PATHS = NO;
				CLANG_ANALYZER_NONNULL = YES;
				CLANG_ANALYZER_NUMBER_OBJECT_CONVERSION = YES_AGGRESSIVE;
				CLANG_CXX_LANGUAGE_STANDARD = "gnu++17";
				CLANG_CXX_LIBRARY = "libc++";
				CLANG_ENABLE_MODULES = YES;
				CLANG_ENABLE_OBJC_ARC = YES;
				CLANG_ENABLE_OBJC_WEAK = YES;
				CLANG_WARN_BLOCK_CAPTURE_AUTORELEASING = YES;
				CLANG_WARN_BOOL_CONVERSION = YES;
				CLANG_WARN_COMMA = YES;
				CLANG_WARN_CONSTANT_CONVERSION = YES;
				CLANG_WARN_DEPRECATED_OBJC_IMPLEMENTATIONS = YES;
				CLANG_WARN_DIRECT_OBJC_ISA_USAGE = YES_ERROR;
				CLANG_WARN_DOCUMENTATION_COMMENTS = YES;
				CLANG_WARN_EMPTY_BODY = YES;
				CLANG_WARN_ENUM_CONVERSION = YES;
				CLANG_WARN_INFINITE_RECURSION = YES;
				CLANG_WARN_INT_CONVERSION = YES;
				CLANG_WARN_NON_LITERAL_NULL_CONVERSION = YES;
				CLANG_WARN_OBJC_IMPLICIT_RETAIN_SELF = YES;
				CLANG_WARN_OBJC_LITERAL_CONVERSION = YES;
				CLANG_WARN_OBJC_ROOT_CLASS = YES_ERROR;
				CLANG_WARN_QUOTED_INCLUDE_IN_FRAMEWORK_HEADER = YES;
				CLANG_WARN_RANGE_LOOP_ANALYSIS = YES;
				CLANG_WARN_STRICT_PROTOTYPES = YES;
				CLANG_WARN_SUSPICIOUS_MOVE = YES;
				CLANG_WARN_UNGUARDED_AVAILABILITY = YES_AGGRESSIVE;
				CLANG_WARN_UNREACHABLE_CODE = YES;
				CLANG_WARN__DUPLICATE_METHOD_MATCH = YES;
				COPY_PHASE_STRIP = NO;
				DEBUG_INFORMATION_FORMAT = dwarf;
				ENABLE_STRICT_OBJC_MSGSEND = YES;
				ENABLE_TESTABILITY = YES;
				GCC_C_LANGUAGE_STANDARD = gnu11;
				GCC_DYNAMIC_NO_PIC = NO;
				GCC_NO_COMMON_BLOCKS = YES;
				GCC_OPTIMIZATION_LEVEL = 0;
				GCC_PREPROCESSOR_DEFINITIONS = (
					"DEBUG=1",
					"$(inherited)",
				);
				GCC_WARN_64_TO_32_BIT_CONVERSION = YES;
				GCC_WARN_ABOUT_RETURN_TYPE = YES_ERROR;
				GCC_WARN_UNDECLARED_SELECTOR = YES;
				GCC_WARN_UNINITIALIZED_AUTOS = YES_AGGRESSIVE;
				GCC_WARN_UNUSED_FUNCTION = YES;
				GCC_WARN_UNUSED_VARIABLE = YES;
				IPHONEOS_DEPLOYMENT_TARGET = 15.0;
				MTL_ENABLE_DEBUG_INFO = INCLUDE_SOURCE;
				MTL_FAST_MATH = YES;
				ONLY_ACTIVE_ARCH = YES;
				SDKROOT = iphoneos;
				SWIFT_ACTIVE_COMPILATION_CONDITIONS = DEBUG;
				SWIFT_OPTIMIZATION_LEVEL = "-Onone";
			};
			name = Debug;
		};
		A989F309284B18EF00ABCBCE /* Release */ = {
			isa = XCBuildConfiguration;
			buildSettings = {
				ALWAYS_SEARCH_USER_PATHS = NO;
				CLANG_ANALYZER_NONNULL = YES;
				CLANG_ANALYZER_NUMBER_OBJECT_CONVERSION = YES_AGGRESSIVE;
				CLANG_CXX_LANGUAGE_STANDARD = "gnu++17";
				CLANG_CXX_LIBRARY = "libc++";
				CLANG_ENABLE_MODULES = YES;
				CLANG_ENABLE_OBJC_ARC = YES;
				CLANG_ENABLE_OBJC_WEAK = YES;
				CLANG_WARN_BLOCK_CAPTURE_AUTORELEASING = YES;
				CLANG_WARN_BOOL_CONVERSION = YES;
				CLANG_WARN_COMMA = YES;
				CLANG_WARN_CONSTANT_CONVERSION = YES;
				CLANG_WARN_DEPRECATED_OBJC_IMPLEMENTATIONS = YES;
				CLANG_WARN_DIRECT_OBJC_ISA_USAGE = YES_ERROR;
				CLANG_WARN_DOCUMENTATION_COMMENTS = YES;
				CLANG_WARN_EMPTY_BODY = YES;
				CLANG_WARN_ENUM_CONVERSION = YES;
				CLANG_WARN_INFINITE_RECURSION = YES;
				CLANG_WARN_INT_CONVERSION = YES;
				CLANG_WARN_NON_LITERAL_NULL_CONVERSION = YES;
				CLANG_WARN_OBJC_IMPLICIT_RETAIN_SELF = YES;
				CLANG_WARN_OBJC_LITERAL_CONVERSION = YES;
				CLANG_WARN_OBJC_ROOT_CLASS = YES_ERROR;
				CLANG_WARN_QUOTED_INCLUDE_IN_FRAMEWORK_HEADER = YES;
				CLANG_WARN_RANGE_LOOP_ANALYSIS = YES;
				CLANG_WARN_STRICT_PROTOTYPES = YES;
				CLANG_WARN_SUSPICIOUS_MOVE = YES;
				CLANG_WARN_UNGUARDED_AVAILABILITY = YES_AGGRESSIVE;
				CLANG_WARN_UNREACHABLE_CODE = YES;
				CLANG_WARN__DUPLICATE_METHOD_MATCH = YES;
				COPY_PHASE_STRIP = NO;
				DEBUG_INFORMATION_FORMAT = "dwarf-with-dsym";
				ENABLE_NS_ASSERTIONS = NO;
				ENABLE_STRICT_OBJC_MSGSEND = YES;
				GCC_C_LANGUAGE_STANDARD = gnu11;
				GCC_NO_COMMON_BLOCKS = YES;
				GCC_WARN_64_TO_32_BIT_CONVERSION = YES;
				GCC_WARN_ABOUT_RETURN_TYPE = YES_ERROR;
				GCC_WARN_UNDECLARED_SELECTOR = YES;
				GCC_WARN_UNINITIALIZED_AUTOS = YES_AGGRESSIVE;
				GCC_WARN_UNUSED_FUNCTION = YES;
				GCC_WARN_UNUSED_VARIABLE = YES;
				IPHONEOS_DEPLOYMENT_TARGET = 15.0;
				MTL_ENABLE_DEBUG_INFO = NO;
				MTL_FAST_MATH = YES;
				SDKROOT = iphoneos;
				SWIFT_COMPILATION_MODE = wholemodule;
				SWIFT_OPTIMIZATION_LEVEL = "-O";
				VALIDATE_PRODUCT = YES;
			};
			name = Release;
		};
		A989F30B284B18EF00ABCBCE /* Debug */ = {
			isa = XCBuildConfiguration;
			buildSettings = {
				ASSETCATALOG_COMPILER_APPICON_NAME = AppIcon;
				ASSETCATALOG_COMPILER_GLOBAL_ACCENT_COLOR_NAME = AccentColor;
				CODE_SIGN_STYLE = Automatic;
				CURRENT_PROJECT_VERSION = 1;
				DEVELOPMENT_TEAM = W9HG2VGZDV;
				GENERATE_INFOPLIST_FILE = YES;
				INFOPLIST_FILE = VkApp/App/Info.plist;
				INFOPLIST_KEY_UIApplicationSupportsIndirectInputEvents = YES;
				INFOPLIST_KEY_UILaunchStoryboardName = LaunchScreen;
				INFOPLIST_KEY_UIMainStoryboardFile = Main;
				INFOPLIST_KEY_UISupportedInterfaceOrientations_iPad = "UIInterfaceOrientationPortrait UIInterfaceOrientationPortraitUpsideDown UIInterfaceOrientationLandscapeLeft UIInterfaceOrientationLandscapeRight";
				INFOPLIST_KEY_UISupportedInterfaceOrientations_iPhone = "UIInterfaceOrientationPortrait UIInterfaceOrientationLandscapeLeft UIInterfaceOrientationLandscapeRight";
				LD_RUNPATH_SEARCH_PATHS = (
					"$(inherited)",
					"@executable_path/Frameworks",
				);
				MARKETING_VERSION = 1.0;
				PRODUCT_BUNDLE_IDENTIFIER = AlexanderBaranchuk.VkApp;
				PRODUCT_NAME = "$(TARGET_NAME)";
				SWIFT_EMIT_LOC_STRINGS = YES;
				SWIFT_VERSION = 5.0;
				TARGETED_DEVICE_FAMILY = 1;
			};
			name = Debug;
		};
		A989F30C284B18EF00ABCBCE /* Release */ = {
			isa = XCBuildConfiguration;
			buildSettings = {
				ASSETCATALOG_COMPILER_APPICON_NAME = AppIcon;
				ASSETCATALOG_COMPILER_GLOBAL_ACCENT_COLOR_NAME = AccentColor;
				CODE_SIGN_STYLE = Automatic;
				CURRENT_PROJECT_VERSION = 1;
				DEVELOPMENT_TEAM = W9HG2VGZDV;
				GENERATE_INFOPLIST_FILE = YES;
				INFOPLIST_FILE = VkApp/App/Info.plist;
				INFOPLIST_KEY_UIApplicationSupportsIndirectInputEvents = YES;
				INFOPLIST_KEY_UILaunchStoryboardName = LaunchScreen;
				INFOPLIST_KEY_UIMainStoryboardFile = Main;
				INFOPLIST_KEY_UISupportedInterfaceOrientations_iPad = "UIInterfaceOrientationPortrait UIInterfaceOrientationPortraitUpsideDown UIInterfaceOrientationLandscapeLeft UIInterfaceOrientationLandscapeRight";
				INFOPLIST_KEY_UISupportedInterfaceOrientations_iPhone = "UIInterfaceOrientationPortrait UIInterfaceOrientationLandscapeLeft UIInterfaceOrientationLandscapeRight";
				LD_RUNPATH_SEARCH_PATHS = (
					"$(inherited)",
					"@executable_path/Frameworks",
				);
				MARKETING_VERSION = 1.0;
				PRODUCT_BUNDLE_IDENTIFIER = AlexanderBaranchuk.VkApp;
				PRODUCT_NAME = "$(TARGET_NAME)";
				SWIFT_EMIT_LOC_STRINGS = YES;
				SWIFT_VERSION = 5.0;
				TARGETED_DEVICE_FAMILY = 1;
			};
			name = Release;
		};
/* End XCBuildConfiguration section */

/* Begin XCConfigurationList section */
		A989F2F1284B18ED00ABCBCE /* Build configuration list for PBXProject "VkApp" */ = {
			isa = XCConfigurationList;
			buildConfigurations = (
				A989F308284B18EF00ABCBCE /* Debug */,
				A989F309284B18EF00ABCBCE /* Release */,
			);
			defaultConfigurationIsVisible = 0;
			defaultConfigurationName = Release;
		};
		A989F30A284B18EF00ABCBCE /* Build configuration list for PBXNativeTarget "VkApp" */ = {
			isa = XCConfigurationList;
			buildConfigurations = (
				A989F30B284B18EF00ABCBCE /* Debug */,
				A989F30C284B18EF00ABCBCE /* Release */,
			);
			defaultConfigurationIsVisible = 0;
			defaultConfigurationName = Release;
		};
/* End XCConfigurationList section */
	};
	rootObject = A989F2EE284B18ED00ABCBCE /* Project object */;
}
